
Microsoft Visual Studio Solution File, Format Version 12.00
# Visual Studio Version 16
VisualStudioVersion = 16.0.31829.152
MinimumVisualStudioVersion = 10.0.40219.1
Project("{FAE04EC0-301F-11D3-BF4B-00C04F79EFBC}") = "EnsekWebApi", "EnsekWebApi\EnsekWebApi.csproj", "{6FA09968-04C5-49EC-8093-903962C746AA}"
EndProject
Project("{FAE04EC0-301F-11D3-BF4B-00C04F79EFBC}") = "EnsekDataAccess", "EnsekDataAccess\EnsekDataAccess.csproj", "{8644303D-B46C-4809-8D4C-4EA1DA1B8C2A}"
EndProject
Project("{FAE04EC0-301F-11D3-BF4B-00C04F79EFBC}") = "EnsekServices", "EnsekServices\EnsekServices.csproj", "{0DFA6568-56FE-4A31-81A6-C696C43953D4}"
EndProject
Global
	GlobalSection(SolutionConfigurationPlatforms) = preSolution
		Debug|Any CPU = Debug|Any CPU
		Release|Any CPU = Release|Any CPU
	EndGlobalSection
	GlobalSection(ProjectConfigurationPlatforms) = postSolution
		{6FA09968-04C5-49EC-8093-903962C746AA}.Debug|Any CPU.ActiveCfg = Debug|Any CPU
		{6FA09968-04C5-49EC-8093-903962C746AA}.Debug|Any CPU.Build.0 = Debug|Any CPU
		{6FA09968-04C5-49EC-8093-903962C746AA}.Release|Any CPU.ActiveCfg = Release|Any CPU
		{6FA09968-04C5-49EC-8093-903962C746AA}.Release|Any CPU.Build.0 = Release|Any CPU
		{8644303D-B46C-4809-8D4C-4EA1DA1B8C2A}.Debug|Any CPU.ActiveCfg = Debug|Any CPU
		{8644303D-B46C-4809-8D4C-4EA1DA1B8C2A}.Debug|Any CPU.Build.0 = Debug|Any CPU
		{8644303D-B46C-4809-8D4C-4EA1DA1B8C2A}.Release|Any CPU.ActiveCfg = Release|Any CPU
		{8644303D-B46C-4809-8D4C-4EA1DA1B8C2A}.Release|Any CPU.Build.0 = Release|Any CPU
		{0DFA6568-56FE-4A31-81A6-C696C43953D4}.Debug|Any CPU.ActiveCfg = Debug|Any CPU
		{0DFA6568-56FE-4A31-81A6-C696C43953D4}.Debug|Any CPU.Build.0 = Debug|Any CPU
		{0DFA6568-56FE-4A31-81A6-C696C43953D4}.Release|Any CPU.ActiveCfg = Release|Any CPU
		{0DFA6568-56FE-4A31-81A6-C696C43953D4}.Release|Any CPU.Build.0 = Release|Any CPU
	EndGlobalSection
	GlobalSection(SolutionProperties) = preSolution
		HideSolutionNode = FALSE
	EndGlobalSection
	GlobalSection(ExtensibilityGlobals) = postSolution
		SolutionGuid = {F89B26BC-4710-4C28-A0B5-BAB21433B83A}
	EndGlobalSection
EndGlobal
